
Microsoft Visual Studio Solution File, Format Version 12.00
# Visual Studio Version 16
VisualStudioVersion = 16.0.29905.134
MinimumVisualStudioVersion = 10.0.40219.1
Project("{8BC9CEB8-8B4A-11D0-8D11-00A0C91BC942}") = "mo3", "mo3\mo3.vcxproj", "{EBF9591F-E0BB-4D62-8ED2-F68663EC425C}"
EndProject
Global
	GlobalSection(SolutionConfigurationPlatforms) = preSolution
		Debug|x64 = Debug|x64
		Debug|x86 = Debug|x86
		Release|x64 = Release|x64
		Release|x86 = Release|x86
	EndGlobalSection
	GlobalSection(ProjectConfigurationPlatforms) = postSolution
		{EBF9591F-E0BB-4D62-8ED2-F68663EC425C}.Debug|x64.ActiveCfg = Debug|x64
		{EBF9591F-E0BB-4D62-8ED2-F68663EC425C}.Debug|x64.Build.0 = Debug|x64
		{EBF9591F-E0BB-4D62-8ED2-F68663EC425C}.Debug|x86.ActiveCfg = Debug|Win32
		{EBF9591F-E0BB-4D62-8ED2-F68663EC425C}.Debug|x86.Build.0 = Debug|Win32
		{EBF9591F-E0BB-4D62-8ED2-F68663EC425C}.Release|x64.ActiveCfg = Release|x64
		{EBF9591F-E0BB-4D62-8ED2-F68663EC425C}.Release|x64.Build.0 = Release|x64
		{EBF9591F-E0BB-4D62-8ED2-F68663EC425C}.Release|x86.ActiveCfg = Release|Win32
		{EBF9591F-E0BB-4D62-8ED2-F68663EC425C}.Release|x86.Build.0 = Release|Win32
	EndGlobalSection
	GlobalSection(SolutionProperties) = preSolution
		HideSolutionNode = FALSE
	EndGlobalSection
	GlobalSection(ExtensibilityGlobals) = postSolution
		SolutionGuid = {95F3640D-D6AE-45CE-9E6F-0AAC1B1D993F}
	EndGlobalSection
EndGlobal
